<?xml version='1.0' encoding='us-ascii'?>
<ioc xmlns:xsi="http://www.w3.org/2001/XMLSchema-instance" xmlns:xsd="http://www.w3.org/2001/XMLSchema" id="bbec9f2d-b130-4456-b12d-eae1c602ede4" last-modified="2023-08-29T10:00:48" xmlns="http://schemas.mandiant.com/2010/ioc"><short_description>aceCryptor File Hash SHA256 IOC</short_description><authored_by>TFS</authored_by><authored_date>2023-08-31T15:49:23.037606</authored_date><links /><definition><Indicator operator="OR" id="668973d7-d2a1-4e01-a4ab-f54130ef91f8"><Indicator operator="OR" id="49bef832-ce24-46f8-814c-1c54e1aebe22"><IndicatorItem condition="is"><Context document="FileItem" search="FileItem/Sha256sum" type="mir" /><Content type="string">9ccf9817da1ee8c1ab33a364a3c03a28769ab68a42c437295dae47448a6c5138</Content></IndicatorItem></Indicator><Indicator operator="OR" id="bca8f9a6-57e2-4d7d-b41b-eaa352eb6270"><IndicatorItem condition="is"><Context document="FileItem" search="FileItem/Sha256sum" type="mir" /><Content type="string">c96d84a4064a65f87209756d59399254b41bb3a76f3b825f2d606773903665c5</Content></IndicatorItem></Indicator><Indicator operator="OR" id="ecf679e3-f531-4d54-ba9c-7671854f9195"><IndicatorItem condition="is"><Context document="FileItem" search="FileItem/Sha256sum" type="mir" /><Content type="string">5f3b84ad75e068727823c5349e475e4ab5516925d344269d678e94df442537c2</Content></IndicatorItem></Indicator><Indicator operator="OR" id="9b54ddf0-cc8e-4850-9651-219a9b588027"><IndicatorItem condition="is"><Context document="FileItem" search="FileItem/Sha256sum" type="mir" /><Content type="string">a5330b1add40a30dccab27294736fcd906ef35ddb811d67cb8379f3ea0957e91</Content></IndicatorItem></Indicator><Indicator operator="OR" id="6b1c3659-dcf4-49b3-8616-be1acae6ab45"><IndicatorItem condition="is"><Context document="FileItem" search="FileItem/Sha256sum" type="mir" /><Content type="string">91a9180a9cf7674c34ed53a8aa4e36b798334d1f448aeaf1afb9add4fd322b6e</Content></IndicatorItem></Indicator><Indicator operator="OR" id="a679bf02-5c41-42f9-b4a8-63afa6ebe664"><IndicatorItem condition="is"><Context document="FileItem" search="FileItem/Sha256sum" type="mir" /><Content type="string">cc1910d0ec7e7a49321a440ed95cd776651311192c70aa47d76ce9345f08a0c9</Content></IndicatorItem></Indicator><Indicator operator="OR" id="a266a16a-44ef-4930-82de-866269582f2e"><IndicatorItem condition="is"><Context document="FileItem" search="FileItem/Sha256sum" type="mir" /><Content type="string">559728144a911d13ab978473091e68581d91bf426e84f500a2026537c20b0ec3</Content></IndicatorItem></Indicator><Indicator operator="OR" id="de58d922-25b0-45fa-a5c5-d33cb35fe61f"><IndicatorItem condition="is"><Context document="FileItem" search="FileItem/Sha256sum" type="mir" /><Content type="string">f784bae890214dab5563610632babe4a</Content></IndicatorItem></Indicator><Indicator operator="OR" id="947dff8b-dd71-4afe-b30a-e5f823838919"><IndicatorItem condition="is"><Context document="FileItem" search="FileItem/Sha256sum" type="mir" /><Content type="string">363ecd7d395998373d031c3696c2f871</Content></IndicatorItem></Indicator><Indicator operator="OR" id="059c23dd-cfb9-486f-aca9-d8ab5060f237"><IndicatorItem condition="is"><Context document="FileItem" search="FileItem/Sha256sum" type="mir" /><Content type="string">2e7178f44b119d7214b239ee335f96be</Content></IndicatorItem></Indicator><Indicator operator="OR" id="453d62d7-b35b-42eb-9c84-579cbd831587"><IndicatorItem condition="is"><Context document="FileItem" search="FileItem/Sha256sum" type="mir" /><Content type="string">f20f5b077c723c9dea043590b33c6b81</Content></IndicatorItem></Indicator><Indicator operator="OR" id="a4882daa-d04a-4790-b7eb-db14ed51f45e"><IndicatorItem condition="is"><Context document="FileItem" search="FileItem/Sha256sum" type="mir" /><Content type="string">33180fda80e647d863db5f9d55d2c96b</Content></IndicatorItem></Indicator><Indicator operator="OR" id="49424d68-71e7-499c-bcad-b5271d96b525"><IndicatorItem condition="is"><Context document="FileItem" search="FileItem/Sha256sum" type="mir" /><Content type="string">595a153aefa32eb096fc469b38890e6d</Content></IndicatorItem></Indicator><Indicator operator="OR" id="9f1d921d-4a8d-4bb4-9bca-719a8c69cc0b"><IndicatorItem condition="is"><Context document="FileItem" search="FileItem/Sha256sum" type="mir" /><Content type="string">01708746934ae8e163f6a67893a0f414</Content></IndicatorItem></Indicator></Indicator></definition></ioc>